// !$*UTF8*$!
{
	archiveVersion = 1;
	classes = {
	};
	objectVersion = 110;
	objects = {

/* Begin PBXBuildFile section */
		69DAB74530032F2500962123 /* AppDelegate.swift in Sources */ = {isa = PBXBuildFile; fileRef = 69DAB74430032F2500962123 /* AppDelegate.swift */; };
		69DAB74930032F2500962123 /* Main.html in Resources */ = {isa = PBXBuildFile; fileRef = 69DAB74730032F2500962123 /* Main.html */; };
		69DAB74B30032F2500962123 /* Icon.png in Resources */ = {isa = PBXBuildFile; fileRef = 69DAB74A30032F2500962123 /* Icon.png */; };
		69DAB74D30032F2500962123 /* Style.css in Resources */ = {isa = PBXBuildFile; fileRef = 69DAB74C30032F2500962123 /* Style.css */; };
		69DAB74F30032F2500962123 /* Script.js in Resources */ = {isa = PBXBuildFile; fileRef = 69DAB74E30032F2500962123 /* Script.js */; };
		69DAB75130032F2500962123 /* ViewController.swift in Sources */ = {isa = PBXBuildFile; fileRef = 69DAB75030032F2500962123 /* ViewController.swift */; };
		69DAB75430032F2500962123 /* Main.storyboard in Resources */ = {isa = PBXBuildFile; fileRef = 69DAB75230032F2500962123 /* Main.storyboard */; };
		69DAB75630032F2A00962123 /* Assets.xcassets in Resources */ = {isa = PBXBuildFile; fileRef = 69DAB75530032F2A00962123 /* Assets.xcassets */; };
		69DAB75D30032F2A00962123 /* API Usage Monitor Extension.appex in Embed Foundation Extensions */ = {isa = PBXBuildFile; fileRef = 69DAB75C30032F2A00962123 /* API Usage Monitor Extension.appex */; settings = {ATTRIBUTES = (RemoveHeadersOnCopy, ); }; };
		69DAB76230032F2A00962123 /* SafariWebExtensionHandler.swift in Sources */ = {isa = PBXBuildFile; fileRef = 69DAB76130032F2A00962123 /* SafariWebExtensionHandler.swift */; };
		69DAB77230032F2B00962123 /* popup in Resources */ = {isa = PBXBuildFile; fileRef = 69DAB76E30032F2B00962123 /* popup */; };
		69DAB77330032F2B00962123 /* README.md in Resources */ = {isa = PBXBuildFile; fileRef = 69DAB76F30032F2B00962123 /* README.md */; };
		69DAB77430032F2B00962123 /* scripts in Resources */ = {isa = PBXBuildFile; fileRef = 69DAB77030032F2B00962123 /* scripts */; };
		69DAB77530032F2B00962123 /* manifest.json in Resources */ = {isa = PBXBuildFile; fileRef = 69DAB77130032F2B00962123 /* manifest.json */; };
/* End PBXBuildFile section */

/* Begin PBXContainerItemProxy section */
		69DAB75E30032F2A00962123 /* PBXContainerItemProxy */ = {
			isa = PBXContainerItemProxy;
			containerPortal = 69DAB73930032F2500962123 /* Project object */;
			proxyType = 1;
			remoteGlobalIDString = 69DAB75B30032F2A00962123;
			remoteInfo = "API Usage Monitor Extension";
		};
/* End PBXContainerItemProxy section */

/* Begin PBXCopyFilesBuildPhase section */
		69DAB76930032F2A00962123 /* Embed Foundation Extensions */ = {
			isa = PBXCopyFilesBuildPhase;
			dstPath = "";
			dstSubfolder = PlugIns;
			files = (
				69DAB75D30032F2A00962123 /* API Usage Monitor Extension.appex in Embed Foundation Extensions */,
			);
			name = "Embed Foundation Extensions";
		};
/* End PBXCopyFilesBuildPhase section */

/* Begin PBXFileReference section */
		69DAB74130032F2500962123 /* API Usage Monitor.app */ = {isa = PBXFileReference; explicitFileType = wrapper.application; includeInIndex = 0; path = "API Usage Monitor.app"; sourceTree = BUILT_PRODUCTS_DIR; };
		69DAB74430032F2500962123 /* AppDelegate.swift */ = {isa = PBXFileReference; lastKnownFileType = sourcecode.swift; path = AppDelegate.swift; sourceTree = "<group>"; };
		69DAB74830032F2500962123 /* Base */ = {isa = PBXFileReference; lastKnownFileType = text.html; name = Base; path = Base.lproj/Main.html; sourceTree = "<group>"; };
		69DAB74A30032F2500962123 /* Icon.png */ = {isa = PBXFileReference; lastKnownFileType = image.png; path = Icon.png; sourceTree = "<group>"; };
		69DAB74C30032F2500962123 /* Style.css */ = {isa = PBXFileReference; lastKnownFileType = text.css; path = Style.css; sourceTree = "<group>"; };
		69DAB74E30032F2500962123 /* Script.js */ = {isa = PBXFileReference; lastKnownFileType = sourcecode.javascript; path = Script.js; sourceTree = "<group>"; };
		69DAB75030032F2500962123 /* ViewController.swift */ = {isa = PBXFileReference; lastKnownFileType = sourcecode.swift; path = ViewController.swift; sourceTree = "<group>"; };
		69DAB75330032F2500962123 /* Base */ = {isa = PBXFileReference; lastKnownFileType = file.storyboard; name = Base; path = Base.lproj/Main.storyboard; sourceTree = "<group>"; };
		69DAB75530032F2A00962123 /* Assets.xcassets */ = {isa = PBXFileReference; lastKnownFileType = folder.assetcatalog; path = Assets.xcassets; sourceTree = "<group>"; };
		69DAB75730032F2A00962123 /* Info.plist */ = {isa = PBXFileReference; lastKnownFileType = text.plist.xml; path = Info.plist; sourceTree = "<group>"; };
		69DAB75C30032F2A00962123 /* API Usage Monitor Extension.appex */ = {isa = PBXFileReference; explicitFileType = "wrapper.app-extension"; includeInIndex = 0; path = "API Usage Monitor Extension.appex"; sourceTree = BUILT_PRODUCTS_DIR; };
		69DAB76130032F2A00962123 /* SafariWebExtensionHandler.swift */ = {isa = PBXFileReference; lastKnownFileType = sourcecode.swift; path = SafariWebExtensionHandler.swift; sourceTree = "<group>"; };
		69DAB76330032F2A00962123 /* Info.plist */ = {isa = PBXFileReference; lastKnownFileType = text.plist.xml; path = Info.plist; sourceTree = "<group>"; };
		69DAB76E30032F2B00962123 /* popup */ = {isa = PBXFileReference; lastKnownFileType = folder; name = popup; path = "../../../chrome-extension/popup"; sourceTree = "<group>"; };
		69DAB76F30032F2B00962123 /* README.md */ = {isa = PBXFileReference; lastKnownFileType = net.daringfireball.markdown; name = README.md; path = "../../../chrome-extension/README.md"; sourceTree = "<group>"; };
		69DAB77030032F2B00962123 /* scripts */ = {isa = PBXFileReference; lastKnownFileType = folder; name = scripts; path = "../../../chrome-extension/scripts"; sourceTree = "<group>"; };
		69DAB77130032F2B00962123 /* manifest.json */ = {isa = PBXFileReference; lastKnownFileType = text.json; name = manifest.json; path = "../../../chrome-extension/manifest.json"; sourceTree = "<group>"; };
/* End PBXFileReference section */

/* Begin PBXFrameworksBuildPhase section */
		69DAB73E30032F2500962123 /* Frameworks */ = {
			isa = PBXFrameworksBuildPhase;
			files = (
			);
		};
		69DAB75930032F2A00962123 /* Frameworks */ = {
			isa = PBXFrameworksBuildPhase;
			files = (
			);
		};
/* End PBXFrameworksBuildPhase section */

/* Begin PBXGroup section */
		69DAB73830032F2500962123 = {
			isa = PBXGroup;
			children = (
				69DAB74330032F2500962123 /* API Usage Monitor */,
				69DAB76030032F2A00962123 /* API Usage Monitor Extension */,
				69DAB74230032F2500962123 /* Products */,
			);
			sourceTree = "<group>";
		};
		69DAB74230032F2500962123 /* Products */ = {
			isa = PBXGroup;
			children = (
				69DAB74130032F2500962123 /* API Usage Monitor.app */,
				69DAB75C30032F2A00962123 /* API Usage Monitor Extension.appex */,
			);
			name = Products;
			sourceTree = "<group>";
		};
		69DAB74330032F2500962123 /* API Usage Monitor */ = {
			isa = PBXGroup;
			children = (
				69DAB74430032F2500962123 /* AppDelegate.swift */,
				69DAB75030032F2500962123 /* ViewController.swift */,
				69DAB75230032F2500962123 /* Main.storyboard */,
				69DAB75530032F2A00962123 /* Assets.xcassets */,
				69DAB75730032F2A00962123 /* Info.plist */,
				69DAB74630032F2500962123 /* Resources */,
			);
			path = "API Usage Monitor";
			sourceTree = "<group>";
		};
		69DAB74630032F2500962123 /* Resources */ = {
			isa = PBXGroup;
			children = (
				69DAB74730032F2500962123 /* Main.html */,
				69DAB74A30032F2500962123 /* Icon.png */,
				69DAB74C30032F2500962123 /* Style.css */,
				69DAB74E30032F2500962123 /* Script.js */,
			);
			path = Resources;
			sourceTree = "<group>";
		};
		69DAB76030032F2A00962123 /* API Usage Monitor Extension */ = {
			isa = PBXGroup;
			children = (
				69DAB76D30032F2B00962123 /* Resources */,
				69DAB76130032F2A00962123 /* SafariWebExtensionHandler.swift */,
				69DAB76330032F2A00962123 /* Info.plist */,
			);
			path = "API Usage Monitor Extension";
			sourceTree = "<group>";
		};
		69DAB76D30032F2B00962123 /* Resources */ = {
			isa = PBXGroup;
			children = (
				69DAB76E30032F2B00962123 /* popup */,
				69DAB76F30032F2B00962123 /* README.md */,
				69DAB77030032F2B00962123 /* scripts */,
				69DAB77130032F2B00962123 /* manifest.json */,
			);
			name = Resources;
			path = "API Usage Monitor Extension";
			sourceTree = SOURCE_ROOT;
		};
/* End PBXGroup section */

/* Begin PBXNativeTarget section */
		69DAB74030032F2500962123 /* API Usage Monitor */ = {
			isa = PBXNativeTarget;
			buildConfigurationList = 69DAB76A30032F2A00962123 /* Build configuration list for PBXNativeTarget "API Usage Monitor" */;
			buildPhases = (
				69DAB73D30032F2500962123 /* Sources */,
				69DAB73E30032F2500962123 /* Frameworks */,
				69DAB73F30032F2500962123 /* Resources */,
				69DAB76930032F2A00962123 /* Embed Foundation Extensions */,
			);
			buildRules = (
			);
			dependencies = (
				69DAB75F30032F2A00962123 /* PBXTargetDependency */,
			);
			name = "API Usage Monitor";
			productName = "API Usage Monitor";
			productReference = 69DAB74130032F2500962123 /* API Usage Monitor.app */;
			productType = "com.apple.product-type.application";
		};
		69DAB75B30032F2A00962123 /* API Usage Monitor Extension */ = {
			isa = PBXNativeTarget;
			buildConfigurationList = 69DAB76630032F2A00962123 /* Build configuration list for PBXNativeTarget "API Usage Monitor Extension" */;
			buildPhases = (
				69DAB75830032F2A00962123 /* Sources */,
				69DAB75930032F2A00962123 /* Frameworks */,
				69DAB75A30032F2A00962123 /* Resources */,
			);
			buildRules = (
			);
			name = "API Usage Monitor Extension";
			productName = "API Usage Monitor Extension";
			productReference = 69DAB75C30032F2A00962123 /* API Usage Monitor Extension.appex */;
			productType = "com.apple.product-type.app-extension";
		};
/* End PBXNativeTarget section */

/* Begin PBXProject section */
		69DAB73930032F2500962123 /* Project object */ = {
			isa = PBXProject;
			attributes = {
				BuildIndependentTargetsInParallel = 1;
				LastSwiftUpdateCheck = 2700;
				LastUpgradeCheck = 2700;
				TargetAttributes = {
					69DAB74030032F2500962123 = {
						CreatedOnToolsVersion = 27.0;
					};
					69DAB75B30032F2A00962123 = {
						CreatedOnToolsVersion = 27.0;
					};
				};
			};
			buildConfigurationList = 69DAB73C30032F2500962123 /* Build configuration list for PBXProject "API Usage Monitor" */;
			developmentRegion = en;
			hasScannedForEncodings = 0;
			knownRegions = (
				en,
				Base,
			);
			mainGroup = 69DAB73830032F2500962123;
			minimizedProjectReferenceProxies = 1;
			preferredProjectObjectVersion = 77;
			productRefGroup = 69DAB74230032F2500962123 /* Products */;
			projectDirPath = "";
			projectRoot = "";
			targets = (
				69DAB74030032F2500962123 /* API Usage Monitor */,
				69DAB75B30032F2A00962123 /* API Usage Monitor Extension */,
			);
		};
/* End PBXProject section */

/* Begin PBXResourcesBuildPhase section */
		69DAB73F30032F2500962123 /* Resources */ = {
			isa = PBXResourcesBuildPhase;
			files = (
				69DAB74B30032F2500962123 /* Icon.png in Resources */,
				69DAB75430032F2500962123 /* Main.storyboard in Resources */,
				69DAB74F30032F2500962123 /* Script.js in Resources */,
				69DAB74930032F2500962123 /* Main.html in Resources */,
				69DAB75630032F2A00962123 /* Assets.xcassets in Resources */,
				69DAB74D30032F2500962123 /* Style.css in Resources */,
			);
		};
		69DAB75A30032F2A00962123 /* Resources */ = {
			isa = PBXResourcesBuildPhase;
			files = (
				69DAB77530032F2B00962123 /* manifest.json in Resources */,
				69DAB77430032F2B00962123 /* scripts in Resources */,
				69DAB77330032F2B00962123 /* README.md in Resources */,
				69DAB77230032F2B00962123 /* popup in Resources */,
			);
		};
/* End PBXResourcesBuildPhase section */

/* Begin PBXSourcesBuildPhase section */
		69DAB73D30032F2500962123 /* Sources */ = {
			isa = PBXSourcesBuildPhase;
			files = (
				69DAB75130032F2500962123 /* ViewController.swift in Sources */,
				69DAB74530032F2500962123 /* AppDelegate.swift in Sources */,
			);
		};
		69DAB75830032F2A00962123 /* Sources */ = {
			isa = PBXSourcesBuildPhase;
			files = (
				69DAB76230032F2A00962123 /* SafariWebExtensionHandler.swift in Sources */,
			);
		};
/* End PBXSourcesBuildPhase section */

/* Begin PBXTargetDependency section */
		69DAB75F30032F2A00962123 /* PBXTargetDependency */ = {
			isa = PBXTargetDependency;
			target = 69DAB75B30032F2A00962123 /* API Usage Monitor Extension */;
			targetProxy = 69DAB75E30032F2A00962123 /* PBXContainerItemProxy */;
		};
/* End PBXTargetDependency section */

/* Begin PBXVariantGroup section */
		69DAB74730032F2500962123 /* Main.html */ = {
			isa = PBXVariantGroup;
			children = (
				69DAB74830032F2500962123 /* Base */,
			);
			name = Main.html;
			sourceTree = "<group>";
		};
		69DAB75230032F2500962123 /* Main.storyboard */ = {
			isa = PBXVariantGroup;
			children = (
				69DAB75330032F2500962123 /* Base */,
			);
			name = Main.storyboard;
			sourceTree = "<group>";
		};
/* End PBXVariantGroup section */

/* Begin XCBuildConfiguration section */
		69DAB76430032F2A00962123 /* Debug configuration for PBXProject "API Usage Monitor" */ = {
			isa = XCBuildConfiguration;
			buildSettings = {
				ALWAYS_SEARCH_USER_PATHS = NO;
				ASSETCATALOG_COMPILER_GENERATE_SWIFT_ASSET_SYMBOL_EXTENSIONS = YES;
				CLANG_ANALYZER_NONNULL = YES;
				CLANG_ANALYZER_NUMBER_OBJECT_CONVERSION = YES_AGGRESSIVE;
				CLANG_CXX_LANGUAGE_STANDARD = "gnu++20";
				CLANG_ENABLE_MODULES = YES;
				CLANG_ENABLE_OBJC_ARC = YES;
				CLANG_ENABLE_OBJC_WEAK = YES;
				CLANG_WARN_BLOCK_CAPTURE_AUTORELEASING = YES;
				CLANG_WARN_BOOL_CONVERSION = YES;
				CLANG_WARN_COMMA = YES;
				CLANG_WARN_CONSTANT_CONVERSION = YES;
				CLANG_WARN_DEPRECATED_OBJC_IMPLEMENTATIONS = YES;
				CLANG_WARN_DIRECT_OBJC_ISA_USAGE = YES_ERROR;
				CLANG_WARN_DOCUMENTATION_COMMENTS = YES;
				CLANG_WARN_EMPTY_BODY = YES;
				CLANG_WARN_ENUM_CONVERSION = YES;
				CLANG_WARN_INFINITE_RECURSION = YES;
				CLANG_WARN_INT_CONVERSION = YES;
				CLANG_WARN_NON_LITERAL_NULL_CONVERSION = YES;
				CLANG_WARN_OBJC_IMPLICIT_RETAIN_SELF = YES;
				CLANG_WARN_OBJC_LITERAL_CONVERSION = YES;
				CLANG_WARN_OBJC_ROOT_CLASS = YES_ERROR;
				CLANG_WARN_QUOTED_INCLUDE_IN_FRAMEWORK_HEADER = YES;
				CLANG_WARN_RANGE_LOOP_ANALYSIS = YES;
				CLANG_WARN_STRICT_PROTOTYPES = YES;
				CLANG_WARN_SUSPICIOUS_MOVE = YES;
				CLANG_WARN_UNGUARDED_AVAILABILITY = YES_AGGRESSIVE;
				CLANG_WARN_UNREACHABLE_CODE = YES;
				CLANG_WARN__DUPLICATE_METHOD_MATCH = YES;
				COPY_PHASE_STRIP = NO;
				DEBUG_INFORMATION_FORMAT = dwarf;
				ENABLE_STRICT_OBJC_MSGSEND = YES;
				ENABLE_TESTABILITY = YES;
				ENABLE_USER_SCRIPT_SANDBOXING = YES;
				GCC_C_LANGUAGE_STANDARD = gnu17;
				GCC_DYNAMIC_NO_PIC = NO;
				GCC_NO_COMMON_BLOCKS = YES;
				GCC_OPTIMIZATION_LEVEL = 0;
				GCC_PREPROCESSOR_DEFINITIONS = (
					"DEBUG=1",
					"$(inherited)",
				);
				GCC_WARN_64_TO_32_BIT_CONVERSION = YES;
				GCC_WARN_ABOUT_RETURN_TYPE = YES_ERROR;
				GCC_WARN_UNDECLARED_SELECTOR = YES;
				GCC_WARN_UNINITIALIZED_AUTOS = YES_AGGRESSIVE;
				GCC_WARN_UNUSED_FUNCTION = YES;
				GCC_WARN_UNUSED_VARIABLE = YES;
				LOCALIZATION_PREFERS_STRING_CATALOGS = YES;
				MACOSX_DEPLOYMENT_TARGET = 27.0;
				MTL_ENABLE_DEBUG_INFO = INCLUDE_SOURCE;
				MTL_FAST_MATH = YES;
				ONLY_ACTIVE_ARCH = YES;
				SDKROOT = macosx;
				SWIFT_ACTIVE_COMPILATION_CONDITIONS = "DEBUG $(inherited)";
				SWIFT_OPTIMIZATION_LEVEL = "-Onone";
			};
			name = Debug;
		};
		69DAB76530032F2A00962123 /* Release configuration for PBXProject "API Usage Monitor" */ = {
			isa = XCBuildConfiguration;
			buildSettings = {
				ALWAYS_SEARCH_USER_PATHS = NO;
				ASSETCATALOG_COMPILER_GENERATE_SWIFT_ASSET_SYMBOL_EXTENSIONS = YES;
				CLANG_ANALYZER_NONNULL = YES;
				CLANG_ANALYZER_NUMBER_OBJECT_CONVERSION = YES_AGGRESSIVE;
				CLANG_CXX_LANGUAGE_STANDARD = "gnu++20";
				CLANG_ENABLE_MODULES = YES;
				CLANG_ENABLE_OBJC_ARC = YES;
				CLANG_ENABLE_OBJC_WEAK = YES;
				CLANG_WARN_BLOCK_CAPTURE_AUTORELEASING = YES;
				CLANG_WARN_BOOL_CONVERSION = YES;
				CLANG_WARN_COMMA = YES;
				CLANG_WARN_CONSTANT_CONVERSION = YES;
				CLANG_WARN_DEPRECATED_OBJC_IMPLEMENTATIONS = YES;
				CLANG_WARN_DIRECT_OBJC_ISA_USAGE = YES_ERROR;
				CLANG_WARN_DOCUMENTATION_COMMENTS = YES;
				CLANG_WARN_EMPTY_BODY = YES;
				CLANG_WARN_ENUM_CONVERSION = YES;
				CLANG_WARN_INFINITE_RECURSION = YES;
				CLANG_WARN_INT_CONVERSION = YES;
				CLANG_WARN_NON_LITERAL_NULL_CONVERSION = YES;
				CLANG_WARN_OBJC_IMPLICIT_RETAIN_SELF = YES;
				CLANG_WARN_OBJC_LITERAL_CONVERSION = YES;
				CLANG_WARN_OBJC_ROOT_CLASS = YES_ERROR;
				CLANG_WARN_QUOTED_INCLUDE_IN_FRAMEWORK_HEADER = YES;
				CLANG_WARN_RANGE_LOOP_ANALYSIS = YES;
				CLANG_WARN_STRICT_PROTOTYPES = YES;
				CLANG_WARN_SUSPICIOUS_MOVE = YES;
				CLANG_WARN_UNGUARDED_AVAILABILITY = YES_AGGRESSIVE;
				CLANG_WARN_UNREACHABLE_CODE = YES;
				CLANG_WARN__DUPLICATE_METHOD_MATCH = YES;
				COPY_PHASE_STRIP = NO;
				DEBUG_INFORMATION_FORMAT = "dwarf-with-dsym";
				ENABLE_NS_ASSERTIONS = NO;
				ENABLE_STRICT_OBJC_MSGSEND = YES;
				ENABLE_USER_SCRIPT_SANDBOXING = YES;
				GCC_C_LANGUAGE_STANDARD = gnu17;
				GCC_NO_COMMON_BLOCKS = YES;
				GCC_WARN_64_TO_32_BIT_CONVERSION = YES;
				GCC_WARN_ABOUT_RETURN_TYPE = YES_ERROR;
				GCC_WARN_UNDECLARED_SELECTOR = YES;
				GCC_WARN_UNINITIALIZED_AUTOS = YES_AGGRESSIVE;
				GCC_WARN_UNUSED_FUNCTION = YES;
				GCC_WARN_UNUSED_VARIABLE = YES;
				LOCALIZATION_PREFERS_STRING_CATALOGS = YES;
				MACOSX_DEPLOYMENT_TARGET = 27.0;
				MTL_ENABLE_DEBUG_INFO = NO;
				MTL_FAST_MATH = YES;
				SDKROOT = macosx;
				SWIFT_COMPILATION_MODE = wholemodule;
			};
			name = Release;
		};
		69DAB76730032F2A00962123 /* Debug configuration for PBXNativeTarget "API Usage Monitor Extension" */ = {
			isa = XCBuildConfiguration;
			buildSettings = {
				CODE_SIGN_STYLE = Automatic;
				CURRENT_PROJECT_VERSION = 1;
				ENABLE_APP_SANDBOX = YES;
				ENABLE_HARDENED_RUNTIME = YES;
				ENABLE_USER_SELECTED_FILES = readonly;
				GENERATE_INFOPLIST_FILE = YES;
				INFOPLIST_FILE = "API Usage Monitor Extension/Info.plist";
				INFOPLIST_KEY_CFBundleDisplayName = "API Usage Monitor Extension";
				INFOPLIST_KEY_NSHumanReadableCopyright = "";
				LD_RUNPATH_SEARCH_PATHS = (
					"$(inherited)",
					"@executable_path/../Frameworks",
					"@executable_path/../../../../Frameworks",
				);
				MACOSX_DEPLOYMENT_TARGET = 12.0;
				MARKETING_VERSION = 1.0;
				OTHER_LDFLAGS = (
					"-framework",
					SafariServices,
				);
				PRODUCT_BUNDLE_IDENTIFIER = "com.yourCompany.API-Usage-Monitor.Extension";
				PRODUCT_NAME = "$(TARGET_NAME)";
				SKIP_INSTALL = YES;
				STRING_CATALOG_GENERATE_SYMBOLS = YES;
				SWIFT_APPROACHABLE_CONCURRENCY = YES;
				SWIFT_EMIT_LOC_STRINGS = YES;
				SWIFT_UPCOMING_FEATURE_MEMBER_IMPORT_VISIBILITY = YES;
				SWIFT_VERSION = 5.0;
			};
			name = Debug;
		};
		69DAB76830032F2A00962123 /* Release configuration for PBXNativeTarget "API Usage Monitor Extension" */ = {
			isa = XCBuildConfiguration;
			buildSettings = {
				CODE_SIGN_STYLE = Automatic;
				CURRENT_PROJECT_VERSION = 1;
				ENABLE_APP_SANDBOX = YES;
				ENABLE_HARDENED_RUNTIME = YES;
				ENABLE_USER_SELECTED_FILES = readonly;
				GENERATE_INFOPLIST_FILE = YES;
				INFOPLIST_FILE = "API Usage Monitor Extension/Info.plist";
				INFOPLIST_KEY_CFBundleDisplayName = "API Usage Monitor Extension";
				INFOPLIST_KEY_NSHumanReadableCopyright = "";
				LD_RUNPATH_SEARCH_PATHS = (
					"$(inherited)",
					"@executable_path/../Frameworks",
					"@executable_path/../../../../Frameworks",
				);
				MACOSX_DEPLOYMENT_TARGET = 12.0;
				MARKETING_VERSION = 1.0;
				OTHER_LDFLAGS = (
					"-framework",
					SafariServices,
				);
				PRODUCT_BUNDLE_IDENTIFIER = "com.yourCompany.API-Usage-Monitor.Extension";
				PRODUCT_NAME = "$(TARGET_NAME)";
				SKIP_INSTALL = YES;
				STRING_CATALOG_GENERATE_SYMBOLS = YES;
				SWIFT_APPROACHABLE_CONCURRENCY = YES;
				SWIFT_EMIT_LOC_STRINGS = YES;
				SWIFT_UPCOMING_FEATURE_MEMBER_IMPORT_VISIBILITY = YES;
				SWIFT_VERSION = 5.0;
			};
			name = Release;
		};
		69DAB76B30032F2A00962123 /* Debug configuration for PBXNativeTarget "API Usage Monitor" */ = {
			isa = XCBuildConfiguration;
			buildSettings = {
				ASSETCATALOG_COMPILER_APPICON_NAME = AppIcon;
				ASSETCATALOG_COMPILER_GLOBAL_ACCENT_COLOR_NAME = AccentColor;
				CODE_SIGN_STYLE = Automatic;
				COMBINE_HIDPI_IMAGES = YES;
				CURRENT_PROJECT_VERSION = 1;
				ENABLE_APP_SANDBOX = YES;
				ENABLE_HARDENED_RUNTIME = YES;
				ENABLE_OUTGOING_NETWORK_CONNECTIONS = YES;
				ENABLE_USER_SELECTED_FILES = readonly;
				GENERATE_INFOPLIST_FILE = YES;
				INFOPLIST_FILE = "API Usage Monitor/Info.plist";
				INFOPLIST_KEY_CFBundleDisplayName = "API Usage Monitor";
				INFOPLIST_KEY_NSHumanReadableCopyright = "";
				INFOPLIST_KEY_NSMainStoryboardFile = Main;
				INFOPLIST_KEY_NSPrincipalClass = NSApplication;
				LD_RUNPATH_SEARCH_PATHS = (
					"$(inherited)",
					"@executable_path/../Frameworks",
				);
				MARKETING_VERSION = 1.0;
				OTHER_LDFLAGS = (
					"-framework",
					SafariServices,
					"-framework",
					WebKit,
				);
				PRODUCT_BUNDLE_IDENTIFIER = "com.yourCompany.API-Usage-Monitor";
				PRODUCT_NAME = "$(TARGET_NAME)";
				REGISTER_APP_GROUPS = YES;
				STRING_CATALOG_GENERATE_SYMBOLS = YES;
				SWIFT_APPROACHABLE_CONCURRENCY = YES;
				SWIFT_DEFAULT_ACTOR_ISOLATION = MainActor;
				SWIFT_EMIT_LOC_STRINGS = YES;
				SWIFT_UPCOMING_FEATURE_MEMBER_IMPORT_VISIBILITY = YES;
				SWIFT_VERSION = 5.0;
			};
			name = Debug;
		};
		69DAB76C30032F2A00962123 /* Release configuration for PBXNativeTarget "API Usage Monitor" */ = {
			isa = XCBuildConfiguration;
			buildSettings = {
				ASSETCATALOG_COMPILER_APPICON_NAME = AppIcon;
				ASSETCATALOG_COMPILER_GLOBAL_ACCENT_COLOR_NAME = AccentColor;
				CODE_SIGN_STYLE = Automatic;
				COMBINE_HIDPI_IMAGES = YES;
				CURRENT_PROJECT_VERSION = 1;
				ENABLE_APP_SANDBOX = YES;
				ENABLE_HARDENED_RUNTIME = YES;
				ENABLE_OUTGOING_NETWORK_CONNECTIONS = YES;
				ENABLE_USER_SELECTED_FILES = readonly;
				GENERATE_INFOPLIST_FILE = YES;
				INFOPLIST_FILE = "API Usage Monitor/Info.plist";
				INFOPLIST_KEY_CFBundleDisplayName = "API Usage Monitor";
				INFOPLIST_KEY_NSHumanReadableCopyright = "";
				INFOPLIST_KEY_NSMainStoryboardFile = Main;
				INFOPLIST_KEY_NSPrincipalClass = NSApplication;
				LD_RUNPATH_SEARCH_PATHS = (
					"$(inherited)",
					"@executable_path/../Frameworks",
				);
				MARKETING_VERSION = 1.0;
				OTHER_LDFLAGS = (
					"-framework",
					SafariServices,
					"-framework",
					WebKit,
				);
				PRODUCT_BUNDLE_IDENTIFIER = "com.yourCompany.API-Usage-Monitor";
				PRODUCT_NAME = "$(TARGET_NAME)";
				REGISTER_APP_GROUPS = YES;
				STRING_CATALOG_GENERATE_SYMBOLS = YES;
				SWIFT_APPROACHABLE_CONCURRENCY = YES;
				SWIFT_DEFAULT_ACTOR_ISOLATION = MainActor;
				SWIFT_EMIT_LOC_STRINGS = YES;
				SWIFT_UPCOMING_FEATURE_MEMBER_IMPORT_VISIBILITY = YES;
				SWIFT_VERSION = 5.0;
			};
			name = Release;
		};
/* End XCBuildConfiguration section */

/* Begin XCConfigurationList section */
		69DAB73C30032F2500962123 /* Build configuration list for PBXProject "API Usage Monitor" */ = {
			isa = XCConfigurationList;
			buildConfigurations = (
				69DAB76430032F2A00962123 /* Debug configuration for PBXProject "API Usage Monitor" */,
				69DAB76530032F2A00962123 /* Release configuration for PBXProject "API Usage Monitor" */,
			);
			defaultConfigurationName = Release;
		};
		69DAB76630032F2A00962123 /* Build configuration list for PBXNativeTarget "API Usage Monitor Extension" */ = {
			isa = XCConfigurationList;
			buildConfigurations = (
				69DAB76730032F2A00962123 /* Debug configuration for PBXNativeTarget "API Usage Monitor Extension" */,
				69DAB76830032F2A00962123 /* Release configuration for PBXNativeTarget "API Usage Monitor Extension" */,
			);
			defaultConfigurationName = Release;
		};
		69DAB76A30032F2A00962123 /* Build configuration list for PBXNativeTarget "API Usage Monitor" */ = {
			isa = XCConfigurationList;
			buildConfigurations = (
				69DAB76B30032F2A00962123 /* Debug configuration for PBXNativeTarget "API Usage Monitor" */,
				69DAB76C30032F2A00962123 /* Release configuration for PBXNativeTarget "API Usage Monitor" */,
			);
			defaultConfigurationName = Release;
		};
/* End XCConfigurationList section */
	};
	rootObject = 69DAB73930032F2500962123 /* Project object */;
	validationLevel = 1;
}
